
Microsoft Visual Studio Solution File, Format Version 12.00
# Visual Studio Version 17
VisualStudioVersion = 17.14.36127.28 d17.14
MinimumVisualStudioVersion = 10.0.40219.1
Project("{FAE04EC0-301F-11D3-BF4B-00C04F79EFBC}") = "InventoryPC", "InventoryPC\InventoryPC.csproj", "{63E245EB-874A-4761-8CD9-CB1262A2DDDD}"
EndProject
Global
	GlobalSection(SolutionConfigurationPlatforms) = preSolution
		Debug|Any CPU = Debug|Any CPU
		Release|Any CPU = Release|Any CPU
	EndGlobalSection
	GlobalSection(ProjectConfigurationPlatforms) = postSolution
		{63E245EB-874A-4761-8CD9-CB1262A2DDDD}.Debug|Any CPU.ActiveCfg = Debug|Any CPU
		{63E245EB-874A-4761-8CD9-CB1262A2DDDD}.Debug|Any CPU.Build.0 = Debug|Any CPU
		{63E245EB-874A-4761-8CD9-CB1262A2DDDD}.Release|Any CPU.ActiveCfg = Release|Any CPU
		{63E245EB-874A-4761-8CD9-CB1262A2DDDD}.Release|Any CPU.Build.0 = Release|Any CPU
	EndGlobalSection
	GlobalSection(SolutionProperties) = preSolution
		HideSolutionNode = FALSE
	EndGlobalSection
	GlobalSection(ExtensibilityGlobals) = postSolution
		SolutionGuid = {B54BB966-6350-4EA0-B10C-060A84068715}
	EndGlobalSection
EndGlobal
